
Microsoft Visual Studio Solution File, Format Version 12.00
# Visual Studio Version 17
VisualStudioVersion = 17.5.002.0
MinimumVisualStudioVersion = 10.0.40219.1
Project("{2150E333-8FDC-42A3-9474-1A3956D46DE8}") = "ToDoListApp", "ToDoListApp", "{8B7F73C1-8A8B-4CF8-B17A-3C5593A7E3F0}"
EndProject
Project("{9A19103F-16F7-4668-BE54-9A1E7A4F7556}") = "ToDoList", "ToDoListApp\ToDoList\ToDoList.csproj", "{C7A56402-1131-4EC5-812A-8DB0216E5984}"
EndProject
Project("{2150E333-8FDC-42A3-9474-1A3956D46DE8}") = "FinTrackerApp", "FinTrackerApp", "{A941095E-9F07-4BBF-A5CF-9E4AE6A3CB89}"
EndProject
Project("{9A19103F-16F7-4668-BE54-9A1E7A4F7556}") = "FinTracker", "FinTrackerApp\FinTracker\FinTracker.csproj", "{3B35FA57-6EB2-4DD0-9396-BF7A360F1201}"
EndProject
Project("{2150E333-8FDC-42A3-9474-1A3956D46DE8}") = "RandomQuoteApp", "RandomQuoteApp", "{66D76AF4-38A5-444D-B4C7-C646CCC56733}"
EndProject
Project("{9A19103F-16F7-4668-BE54-9A1E7A4F7556}") = "RandomQuoteGen", "RandomQuoteApp\RandomQuoteGen\RandomQuoteGen.csproj", "{F386B56D-70D9-4EB5-8054-97FA69322FE1}"
EndProject
Project("{2150E333-8FDC-42A3-9474-1A3956D46DE8}") = "CyberCLI", "CyberCLI", "{C6A9E5C5-E266-4D7F-BC9A-EAA5218DED86}"
EndProject
Project("{9A19103F-16F7-4668-BE54-9A1E7A4F7556}") = "CyberCon", "CyberCLI\CyberCon\CyberCon.csproj", "{B4CC02BB-4CD5-4CD9-B9E1-F4363D49D504}"
EndProject
Project("{2150E333-8FDC-42A3-9474-1A3956D46DE8}") = "PomodoroTimerApp", "PomodoroTimerApp", "{9E682324-5B53-4987-99B6-6EE7309654D3}"
EndProject
Project("{9A19103F-16F7-4668-BE54-9A1E7A4F7556}") = "Pomodoro", "PomodoroTimerApp\Pomodoro\Pomodoro.csproj", "{A1442E72-4311-4089-BFA4-C02D35C6FD57}"
EndProject
Project("{2150E333-8FDC-42A3-9474-1A3956D46DE8}") = "PotionsApp", "PotionsApp", "{42F35867-05D2-4F9E-8B51-BC91C9A50A85}"
EndProject
Project("{9A19103F-16F7-4668-BE54-9A1E7A4F7556}") = "MysticalPotionBrew", "PotionsApp\MysticalPotionBrew\MysticalPotionBrew.csproj", "{D110D432-5E7F-4B9C-92AC-E9A4C08D25CE}"
EndProject
Project("{2150E333-8FDC-42A3-9474-1A3956D46DE8}") = "PasswordGenApp", "PasswordGenApp", "{94F45309-A135-4438-803E-1EC876E83BCC}"
EndProject
Project("{9A19103F-16F7-4668-BE54-9A1E7A4F7556}") = "PasswordGenerator", "PasswordGenApp\PasswordGenerator\PasswordGenerator.csproj", "{050EFBCD-AFDC-487C-A3B9-D2956E4B5C71}"
EndProject
Project("{2150E333-8FDC-42A3-9474-1A3956D46DE8}") = "MemoryLaneApp", "MemoryLaneApp", "{F22840FD-B559-42CF-99AA-02C6CDA79A4F}"
EndProject
Project("{9A19103F-16F7-4668-BE54-9A1E7A4F7556}") = "MemLane", "MemoryLaneApp\MemLane\MemLane.csproj", "{CBD34DB4-F4DC-476D-BCA2-489395A637D1}"
EndProject
Project("{2150E333-8FDC-42A3-9474-1A3956D46DE8}") = "MindMazeApp", "MindMazeApp", "{016E29C3-0DAB-4804-96F9-6E4D963ED5AB}"
EndProject
Project("{9A19103F-16F7-4668-BE54-9A1E7A4F7556}") = "MindMaze", "MindMazeApp\MindMaze\MindMaze.csproj", "{27248065-91B9-4A3A-B799-E284B874E0B9}"
EndProject
Project("{2150E333-8FDC-42A3-9474-1A3956D46DE8}") = "MoodTrackApp", "MoodTrackApp", "{104EB112-2C93-408A-A249-18B901748774}"
EndProject
Project("{9A19103F-16F7-4668-BE54-9A1E7A4F7556}") = "MoodTracker", "MoodTrackApp\MoodTracker\MoodTracker.csproj", "{F7FE0F45-9470-4725-81F4-E43F3752AE83}"
EndProject
Global
	GlobalSection(SolutionConfigurationPlatforms) = preSolution
		Debug|Any CPU = Debug|Any CPU
		Release|Any CPU = Release|Any CPU
	EndGlobalSection
	GlobalSection(ProjectConfigurationPlatforms) = postSolution
		{C7A56402-1131-4EC5-812A-8DB0216E5984}.Debug|Any CPU.ActiveCfg = Debug|Any CPU
		{C7A56402-1131-4EC5-812A-8DB0216E5984}.Debug|Any CPU.Build.0 = Debug|Any CPU
		{C7A56402-1131-4EC5-812A-8DB0216E5984}.Release|Any CPU.ActiveCfg = Release|Any CPU
		{C7A56402-1131-4EC5-812A-8DB0216E5984}.Release|Any CPU.Build.0 = Release|Any CPU
		{3B35FA57-6EB2-4DD0-9396-BF7A360F1201}.Debug|Any CPU.ActiveCfg = Debug|Any CPU
		{3B35FA57-6EB2-4DD0-9396-BF7A360F1201}.Debug|Any CPU.Build.0 = Debug|Any CPU
		{3B35FA57-6EB2-4DD0-9396-BF7A360F1201}.Release|Any CPU.ActiveCfg = Release|Any CPU
		{3B35FA57-6EB2-4DD0-9396-BF7A360F1201}.Release|Any CPU.Build.0 = Release|Any CPU
		{F386B56D-70D9-4EB5-8054-97FA69322FE1}.Debug|Any CPU.ActiveCfg = Debug|Any CPU
		{F386B56D-70D9-4EB5-8054-97FA69322FE1}.Debug|Any CPU.Build.0 = Debug|Any CPU
		{F386B56D-70D9-4EB5-8054-97FA69322FE1}.Release|Any CPU.ActiveCfg = Release|Any CPU
		{F386B56D-70D9-4EB5-8054-97FA69322FE1}.Release|Any CPU.Build.0 = Release|Any CPU
		{B4CC02BB-4CD5-4CD9-B9E1-F4363D49D504}.Debug|Any CPU.ActiveCfg = Debug|Any CPU
		{B4CC02BB-4CD5-4CD9-B9E1-F4363D49D504}.Debug|Any CPU.Build.0 = Debug|Any CPU
		{B4CC02BB-4CD5-4CD9-B9E1-F4363D49D504}.Release|Any CPU.ActiveCfg = Release|Any CPU
		{B4CC02BB-4CD5-4CD9-B9E1-F4363D49D504}.Release|Any CPU.Build.0 = Release|Any CPU
		{A1442E72-4311-4089-BFA4-C02D35C6FD57}.Debug|Any CPU.ActiveCfg = Debug|Any CPU
		{A1442E72-4311-4089-BFA4-C02D35C6FD57}.Debug|Any CPU.Build.0 = Debug|Any CPU
		{A1442E72-4311-4089-BFA4-C02D35C6FD57}.Release|Any CPU.ActiveCfg = Release|Any CPU
		{A1442E72-4311-4089-BFA4-C02D35C6FD57}.Release|Any CPU.Build.0 = Release|Any CPU
		{D110D432-5E7F-4B9C-92AC-E9A4C08D25CE}.Debug|Any CPU.ActiveCfg = Debug|Any CPU
		{D110D432-5E7F-4B9C-92AC-E9A4C08D25CE}.Debug|Any CPU.Build.0 = Debug|Any CPU
		{D110D432-5E7F-4B9C-92AC-E9A4C08D25CE}.Release|Any CPU.ActiveCfg = Release|Any CPU
		{D110D432-5E7F-4B9C-92AC-E9A4C08D25CE}.Release|Any CPU.Build.0 = Release|Any CPU
		{050EFBCD-AFDC-487C-A3B9-D2956E4B5C71}.Debug|Any CPU.ActiveCfg = Debug|Any CPU
		{050EFBCD-AFDC-487C-A3B9-D2956E4B5C71}.Debug|Any CPU.Build.0 = Debug|Any CPU
		{050EFBCD-AFDC-487C-A3B9-D2956E4B5C71}.Release|Any CPU.ActiveCfg = Release|Any CPU
		{050EFBCD-AFDC-487C-A3B9-D2956E4B5C71}.Release|Any CPU.Build.0 = Release|Any CPU
		{CBD34DB4-F4DC-476D-BCA2-489395A637D1}.Debug|Any CPU.ActiveCfg = Debug|Any CPU
		{CBD34DB4-F4DC-476D-BCA2-489395A637D1}.Debug|Any CPU.Build.0 = Debug|Any CPU
		{CBD34DB4-F4DC-476D-BCA2-489395A637D1}.Release|Any CPU.ActiveCfg = Release|Any CPU
		{CBD34DB4-F4DC-476D-BCA2-489395A637D1}.Release|Any CPU.Build.0 = Release|Any CPU
		{27248065-91B9-4A3A-B799-E284B874E0B9}.Debug|Any CPU.ActiveCfg = Debug|Any CPU
		{27248065-91B9-4A3A-B799-E284B874E0B9}.Debug|Any CPU.Build.0 = Debug|Any CPU
		{27248065-91B9-4A3A-B799-E284B874E0B9}.Release|Any CPU.ActiveCfg = Release|Any CPU
		{27248065-91B9-4A3A-B799-E284B874E0B9}.Release|Any CPU.Build.0 = Release|Any CPU
		{F7FE0F45-9470-4725-81F4-E43F3752AE83}.Debug|Any CPU.ActiveCfg = Debug|Any CPU
		{F7FE0F45-9470-4725-81F4-E43F3752AE83}.Debug|Any CPU.Build.0 = Debug|Any CPU
		{F7FE0F45-9470-4725-81F4-E43F3752AE83}.Release|Any CPU.ActiveCfg = Release|Any CPU
		{F7FE0F45-9470-4725-81F4-E43F3752AE83}.Release|Any CPU.Build.0 = Release|Any CPU
	EndGlobalSection
	GlobalSection(SolutionProperties) = preSolution
		HideSolutionNode = FALSE
	EndGlobalSection
	GlobalSection(NestedProjects) = preSolution
		{C7A56402-1131-4EC5-812A-8DB0216E5984} = {8B7F73C1-8A8B-4CF8-B17A-3C5593A7E3F0}
		{3B35FA57-6EB2-4DD0-9396-BF7A360F1201} = {A941095E-9F07-4BBF-A5CF-9E4AE6A3CB89}
		{F386B56D-70D9-4EB5-8054-97FA69322FE1} = {66D76AF4-38A5-444D-B4C7-C646CCC56733}
		{B4CC02BB-4CD5-4CD9-B9E1-F4363D49D504} = {C6A9E5C5-E266-4D7F-BC9A-EAA5218DED86}
		{A1442E72-4311-4089-BFA4-C02D35C6FD57} = {9E682324-5B53-4987-99B6-6EE7309654D3}
		{D110D432-5E7F-4B9C-92AC-E9A4C08D25CE} = {42F35867-05D2-4F9E-8B51-BC91C9A50A85}
		{050EFBCD-AFDC-487C-A3B9-D2956E4B5C71} = {94F45309-A135-4438-803E-1EC876E83BCC}
		{CBD34DB4-F4DC-476D-BCA2-489395A637D1} = {F22840FD-B559-42CF-99AA-02C6CDA79A4F}
		{27248065-91B9-4A3A-B799-E284B874E0B9} = {016E29C3-0DAB-4804-96F9-6E4D963ED5AB}
		{F7FE0F45-9470-4725-81F4-E43F3752AE83} = {104EB112-2C93-408A-A249-18B901748774}
	EndGlobalSection
	GlobalSection(ExtensibilityGlobals) = postSolution
		SolutionGuid = {7C14CFA2-D8D1-4ACC-989A-C1E962C01645}
	EndGlobalSection
EndGlobal
